
Microsoft Visual Studio Solution File, Format Version 12.00
# Visual Studio 2012
Project("{8BC9CEB8-8B4A-11D0-8D11-00A0C91BC942}") = "EKSurrogate_x86", "EKSurrogate_x86.vcxproj", "{1C752425-9F42-4531-B32E-F680C4E958F3}"
EndProject
Global
	GlobalSection(SolutionConfigurationPlatforms) = preSolution
		Debug|Win32 = Debug|Win32
		Release|Win32 = Release|Win32
	EndGlobalSection
	GlobalSection(ProjectConfigurationPlatforms) = postSolution
		{1C752425-9F42-4531-B32E-F680C4E958F3}.Debug|Win32.ActiveCfg = Debug|Win32
		{1C752425-9F42-4531-B32E-F680C4E958F3}.Debug|Win32.Build.0 = Debug|Win32
		{1C752425-9F42-4531-B32E-F680C4E958F3}.Release|Win32.ActiveCfg = Release|Win32
		{1C752425-9F42-4531-B32E-F680C4E958F3}.Release|Win32.Build.0 = Release|Win32
	EndGlobalSection
	GlobalSection(SolutionProperties) = preSolution
		HideSolutionNode = FALSE
	EndGlobalSection
EndGlobal
